
Microsoft Visual Studio Solution File, Format Version 12.00
# Visual Studio 15
VisualStudioVersion = 15.0.28307.168
MinimumVisualStudioVersion = 10.0.40219.1
Project("{FAE04EC0-301F-11D3-BF4B-00C04F79EFBC}") = "Debugger", "Debugger\Debugger.csproj", "{4A0EF04D-1D46-4744-8030-9E038FED4384}"
EndProject
Global
	GlobalSection(SolutionConfigurationPlatforms) = preSolution
		Debug|Any CPU = Debug|Any CPU
		Release|Any CPU = Release|Any CPU
	EndGlobalSection
	GlobalSection(ProjectConfigurationPlatforms) = postSolution
		{4A0EF04D-1D46-4744-8030-9E038FED4384}.Debug|Any CPU.ActiveCfg = Debug|Any CPU
		{4A0EF04D-1D46-4744-8030-9E038FED4384}.Debug|Any CPU.Build.0 = Debug|Any CPU
		{4A0EF04D-1D46-4744-8030-9E038FED4384}.Release|Any CPU.ActiveCfg = Release|Any CPU
		{4A0EF04D-1D46-4744-8030-9E038FED4384}.Release|Any CPU.Build.0 = Release|Any CPU
	EndGlobalSection
	GlobalSection(SolutionProperties) = preSolution
		HideSolutionNode = FALSE
	EndGlobalSection
	GlobalSection(ExtensibilityGlobals) = postSolution
		SolutionGuid = {420D3E7B-BB0B-45D2-814A-58F5567120C8}
	EndGlobalSection
EndGlobal
